
Microsoft Visual Studio Solution File, Format Version 12.00
# Visual Studio Version 17
VisualStudioVersion = 17.2.32519.379
MinimumVisualStudioVersion = 10.0.40219.1
Project("{FAE04EC0-301F-11D3-BF4B-00C04F79EFBC}") = "Visma's Internal Meetings", "Visma's Internal Meetings\Visma's Internal Meetings.csproj", "{38F45F3E-A372-433F-8C7C-6C6B716856ED}"
EndProject
Global
	GlobalSection(SolutionConfigurationPlatforms) = preSolution
		Debug|Any CPU = Debug|Any CPU
		Release|Any CPU = Release|Any CPU
	EndGlobalSection
	GlobalSection(ProjectConfigurationPlatforms) = postSolution
		{38F45F3E-A372-433F-8C7C-6C6B716856ED}.Debug|Any CPU.ActiveCfg = Debug|Any CPU
		{38F45F3E-A372-433F-8C7C-6C6B716856ED}.Debug|Any CPU.Build.0 = Debug|Any CPU
		{38F45F3E-A372-433F-8C7C-6C6B716856ED}.Release|Any CPU.ActiveCfg = Release|Any CPU
		{38F45F3E-A372-433F-8C7C-6C6B716856ED}.Release|Any CPU.Build.0 = Release|Any CPU
	EndGlobalSection
	GlobalSection(SolutionProperties) = preSolution
		HideSolutionNode = FALSE
	EndGlobalSection
	GlobalSection(ExtensibilityGlobals) = postSolution
		SolutionGuid = {B13F00FD-C7CD-43C8-90B0-F7C7A13B7063}
	EndGlobalSection
EndGlobal
